
Microsoft Visual Studio Solution File, Format Version 12.00
# Visual Studio 15
Project("{FAE04EC0-301F-11D3-BF4B-00C04F79EFBC}") = "buscaamigo.Android", "buscaamigo.Android\buscaamigo.Android.csproj", "{8A626B39-47AF-4028-BE55-1BAC5FF282CA}"
EndProject
Project("{FAE04EC0-301F-11D3-BF4B-00C04F79EFBC}") = "buscaamigo.iOS", "buscaamigo.iOS\buscaamigo.iOS.csproj", "{8922CA17-8E2A-41DD-920A-72B54EC75EBE}"
EndProject
Project("{FAE04EC0-301F-11D3-BF4B-00C04F79EFBC}") = "buscaamigo", "buscaamigo\buscaamigo.csproj", "{ECF7FEF3-148A-4473-A6F3-766F473CAC0D}"
EndProject
Global
	GlobalSection(SolutionConfigurationPlatforms) = preSolution
		Debug|Any CPU = Debug|Any CPU
		Release|Any CPU = Release|Any CPU
		Debug|iPhoneSimulator = Debug|iPhoneSimulator
		Release|iPhoneSimulator = Release|iPhoneSimulator
		Debug|iPhone = Debug|iPhone
		Release|iPhone = Release|iPhone
	EndGlobalSection
	GlobalSection(ProjectConfigurationPlatforms) = postSolution
		{8A626B39-47AF-4028-BE55-1BAC5FF282CA}.Debug|Any CPU.ActiveCfg = Debug|Any CPU
		{8A626B39-47AF-4028-BE55-1BAC5FF282CA}.Debug|Any CPU.Build.0 = Debug|Any CPU
		{8A626B39-47AF-4028-BE55-1BAC5FF282CA}.Release|Any CPU.ActiveCfg = Release|Any CPU
		{8A626B39-47AF-4028-BE55-1BAC5FF282CA}.Release|Any CPU.Build.0 = Release|Any CPU
		{8A626B39-47AF-4028-BE55-1BAC5FF282CA}.Debug|iPhoneSimulator.ActiveCfg = Debug|Any CPU
		{8A626B39-47AF-4028-BE55-1BAC5FF282CA}.Debug|iPhoneSimulator.Build.0 = Debug|Any CPU
		{8A626B39-47AF-4028-BE55-1BAC5FF282CA}.Release|iPhoneSimulator.ActiveCfg = Release|Any CPU
		{8A626B39-47AF-4028-BE55-1BAC5FF282CA}.Release|iPhoneSimulator.Build.0 = Release|Any CPU
		{8A626B39-47AF-4028-BE55-1BAC5FF282CA}.Debug|iPhone.ActiveCfg = Debug|Any CPU
		{8A626B39-47AF-4028-BE55-1BAC5FF282CA}.Debug|iPhone.Build.0 = Debug|Any CPU
		{8A626B39-47AF-4028-BE55-1BAC5FF282CA}.Release|iPhone.ActiveCfg = Release|Any CPU
		{8A626B39-47AF-4028-BE55-1BAC5FF282CA}.Release|iPhone.Build.0 = Release|Any CPU
		{8922CA17-8E2A-41DD-920A-72B54EC75EBE}.Debug|Any CPU.ActiveCfg = Debug|iPhoneSimulator
		{8922CA17-8E2A-41DD-920A-72B54EC75EBE}.Debug|Any CPU.Build.0 = Debug|iPhoneSimulator
		{8922CA17-8E2A-41DD-920A-72B54EC75EBE}.Release|Any CPU.ActiveCfg = Release|iPhoneSimulator
		{8922CA17-8E2A-41DD-920A-72B54EC75EBE}.Release|Any CPU.Build.0 = Release|iPhoneSimulator
		{8922CA17-8E2A-41DD-920A-72B54EC75EBE}.Debug|iPhoneSimulator.ActiveCfg = Debug|iPhoneSimulator
		{8922CA17-8E2A-41DD-920A-72B54EC75EBE}.Debug|iPhoneSimulator.Build.0 = Debug|iPhoneSimulator
		{8922CA17-8E2A-41DD-920A-72B54EC75EBE}.Release|iPhoneSimulator.ActiveCfg = Release|iPhoneSimulator
		{8922CA17-8E2A-41DD-920A-72B54EC75EBE}.Release|iPhoneSimulator.Build.0 = Release|iPhoneSimulator
		{8922CA17-8E2A-41DD-920A-72B54EC75EBE}.Debug|iPhone.ActiveCfg = Debug|iPhone
		{8922CA17-8E2A-41DD-920A-72B54EC75EBE}.Debug|iPhone.Build.0 = Debug|iPhone
		{8922CA17-8E2A-41DD-920A-72B54EC75EBE}.Release|iPhone.ActiveCfg = Release|iPhone
		{8922CA17-8E2A-41DD-920A-72B54EC75EBE}.Release|iPhone.Build.0 = Release|iPhone
		{ECF7FEF3-148A-4473-A6F3-766F473CAC0D}.Debug|Any CPU.ActiveCfg = Debug|Any CPU
		{ECF7FEF3-148A-4473-A6F3-766F473CAC0D}.Debug|Any CPU.Build.0 = Debug|Any CPU
		{ECF7FEF3-148A-4473-A6F3-766F473CAC0D}.Release|Any CPU.ActiveCfg = Release|Any CPU
		{ECF7FEF3-148A-4473-A6F3-766F473CAC0D}.Release|Any CPU.Build.0 = Release|Any CPU
		{ECF7FEF3-148A-4473-A6F3-766F473CAC0D}.Debug|iPhoneSimulator.ActiveCfg = Debug|Any CPU
		{ECF7FEF3-148A-4473-A6F3-766F473CAC0D}.Debug|iPhoneSimulator.Build.0 = Debug|Any CPU
		{ECF7FEF3-148A-4473-A6F3-766F473CAC0D}.Release|iPhoneSimulator.ActiveCfg = Release|Any CPU
		{ECF7FEF3-148A-4473-A6F3-766F473CAC0D}.Release|iPhoneSimulator.Build.0 = Release|Any CPU
		{ECF7FEF3-148A-4473-A6F3-766F473CAC0D}.Debug|iPhone.ActiveCfg = Debug|Any CPU
		{ECF7FEF3-148A-4473-A6F3-766F473CAC0D}.Debug|iPhone.Build.0 = Debug|Any CPU
		{ECF7FEF3-148A-4473-A6F3-766F473CAC0D}.Release|iPhone.ActiveCfg = Release|Any CPU
		{ECF7FEF3-148A-4473-A6F3-766F473CAC0D}.Release|iPhone.Build.0 = Release|Any CPU
	EndGlobalSection
EndGlobal
